
Microsoft Visual Studio Solution File, Format Version 12.00
# Visual Studio Version 17
VisualStudioVersion = 17.10.34928.147
MinimumVisualStudioVersion = 10.0.40219.1
Project("{FAE04EC0-301F-11D3-BF4B-00C04F79EFBC}") = "Salad_Recipe_Final_Poe_3", "Salad_Recipe_Final_Poe_3\Salad_Recipe_Final_Poe_3.csproj", "{71925D2B-863A-43E0-A6D9-739F0EDDCFB6}"
EndProject
Global
	GlobalSection(SolutionConfigurationPlatforms) = preSolution
		Debug|Any CPU = Debug|Any CPU
		Release|Any CPU = Release|Any CPU
	EndGlobalSection
	GlobalSection(ProjectConfigurationPlatforms) = postSolution
		{71925D2B-863A-43E0-A6D9-739F0EDDCFB6}.Debug|Any CPU.ActiveCfg = Debug|Any CPU
		{71925D2B-863A-43E0-A6D9-739F0EDDCFB6}.Debug|Any CPU.Build.0 = Debug|Any CPU
		{71925D2B-863A-43E0-A6D9-739F0EDDCFB6}.Release|Any CPU.ActiveCfg = Release|Any CPU
		{71925D2B-863A-43E0-A6D9-739F0EDDCFB6}.Release|Any CPU.Build.0 = Release|Any CPU
	EndGlobalSection
	GlobalSection(SolutionProperties) = preSolution
		HideSolutionNode = FALSE
	EndGlobalSection
	GlobalSection(ExtensibilityGlobals) = postSolution
		SolutionGuid = {BD3D70B8-FA31-4628-B5B5-88225F75714F}
	EndGlobalSection
EndGlobal
